Microsoft Visual Studio Solution File, Format Version 12.00
# Visual Studio Version 17
VisualStudioVersion = 17.5.2.0
MinimumVisualStudioVersion = 10.0.40219.1
Project("{FAE04EC0-301F-11D3-BF4B-00C04F79EFBC}") = "IkinciElKitapProjesi", "IkinciElKitapProjesi.csproj", "{C48AF9BB-7C82-7F83-DEE3-36DABEEE8E99}"
EndProject
Global
	GlobalSection(SolutionConfigurationPlatforms) = preSolution
		Debug|Any CPU = Debug|Any CPU
		Release|Any CPU = Release|Any CPU
	EndGlobalSection
	GlobalSection(ProjectConfigurationPlatforms) = postSolution
		{C48AF9BB-7C82-7F83-DEE3-36DABEEE8E99}.Debug|Any CPU.ActiveCfg = Debug|Any CPU
		{C48AF9BB-7C82-7F83-DEE3-36DABEEE8E99}.Debug|Any CPU.Build.0 = Debug|Any CPU
		{C48AF9BB-7C82-7F83-DEE3-36DABEEE8E99}.Release|Any CPU.ActiveCfg = Release|Any CPU
		{C48AF9BB-7C82-7F83-DEE3-36DABEEE8E99}.Release|Any CPU.Build.0 = Release|Any CPU
	EndGlobalSection
	GlobalSection(SolutionProperties) = preSolution
		HideSolutionNode = FALSE
	EndGlobalSection
	GlobalSection(ExtensibilityGlobals) = postSolution
		SolutionGuid = {897E34F3-4735-4024-A919-F6C56027C4E7}
	EndGlobalSection
EndGlobal
